{
  "name": "open-source-guide",
  "requires": true,
  "lockfileVersion": 1,
  "dependencies": {
    "primer-base": {
      "version": "1.8.0",
      "resolved": "https://registry.npmjs.org/primer-base/-/primer-base-1.8.0.tgz",
      "integrity": "sha512-dRzyFVbAaTLTeZmstLU5a3kgNh5ppJCO7a7NFtwhVS0bRgqIFnIgNwWm9BoxZ3Sd9hwV4IE/oQ1EhKVXwjV49Q==",
      "requires": {
        "primer-support": "4.6.1"
      }
    },
    "primer-box": {
      "version": "2.5.10",
      "resolved": "https://registry.npmjs.org/primer-box/-/primer-box-2.5.10.tgz",
      "integrity": "sha512-uKTAmbQoIgr1l/hDii1m4HEnTASyPDijm0FBY4VJybpF3gDHyFD7aPCvqZzV2Z8j66iBwaMEjl1SQg2uOnw2JA==",
      "requires": {
        "primer-support": "4.6.1"
      }
    },
    "primer-breadcrumb": {
      "version": "1.5.6",
      "resolved": "https://registry.npmjs.org/primer-breadcrumb/-/primer-breadcrumb-1.5.6.tgz",
      "integrity": "sha512-7nXZmIJRyWLA7b+CZB0C3Lz989j+TH+YtU2GG//yp8gJquzuqO8oB7H9a1bhQRBtRhwF2+vhCMFsbahXEgqMJg==",
      "requires": {
        "primer-support": "4.6.1"
      }
    },
    "primer-buttons": {
      "version": "2.6.1",
      "resolved": "https://registry.npmjs.org/primer-buttons/-/primer-buttons-2.6.1.tgz",
      "integrity": "sha512-ofIXF6RHh/CUMB8oHMs9x2k+ddHtKhYADY1DSMy2JRJKq6nVIUW1eKa/0OatjB+GB6Jx1VERQLDnlfSULIMM2Q==",
      "requires": {
        "primer-support": "4.6.1"
      }
    },
    "primer-core": {
      "version": "6.10.4",
      "resolved": "https://registry.npmjs.org/primer-core/-/primer-core-6.10.4.tgz",
      "integrity": "sha512-uq1eQSRarg+njKtcIaMQjnQ6h/P9hElCkLe0ctnBeG+MOs9CwYhc10TO5bLbOdHnCDXQHoppszFn+3qlvrHyLA==",
      "requires": {
        "primer-base": "1.8.0",
        "primer-box": "2.5.10",
        "primer-breadcrumb": "1.5.6",
        "primer-buttons": "2.6.1",
        "primer-forms": "2.1.5",
        "primer-layout": "1.5.0",
        "primer-navigation": "1.5.8",
        "primer-pagination": "1.0.4",
        "primer-support": "4.6.1",
        "primer-table-object": "1.4.10",
        "primer-tooltips": "1.5.8",
        "primer-truncate": "1.4.10",
        "primer-utilities": "4.13.0"
      }
    },
    "primer-forms": {
      "version": "2.1.5",
      "resolved": "https://registry.npmjs.org/primer-forms/-/primer-forms-2.1.5.tgz",
      "integrity": "sha512-fxJjJjRV+f3OsyDt1CgaVhcUTKYMo22L4WrmTdf6R+oMyIBFlnVikArpB0Ln3dDTNGyt4k2TclCIldo+is9CTQ==",
      "requires": {
        "primer-support": "4.6.1"
      }
    },
    "primer-layout": {
      "version": "1.5.0",
      "resolved": "https://registry.npmjs.org/primer-layout/-/primer-layout-1.5.0.tgz",
      "integrity": "sha512-OsY6Xj6iSoQ3SnFOE6lHrGOP7r5G4zVJ1C0k5uYakXJZ6uXcaoYLOAox+QNxeQldygCBBXYrbvHpTKmWLY4sIQ==",
      "requires": {
        "primer-support": "4.6.1"
      }
    },
    "primer-marketing": {
      "version": "7.0.0",
      "resolved": "https://registry.npmjs.org/primer-marketing/-/primer-marketing-7.0.0.tgz",
      "integrity": "sha512-gLIWiE3pW1rXEEnmfz2eekq4LC27QUeMccrG87EU5qyEnu8LMr59c5LRibc5EJaCsa4708Jd2WxxSXEfD0ieug==",
      "requires": {
        "primer-marketing-buttons": "2.0.0",
        "primer-marketing-support": "2.0.0",
        "primer-marketing-type": "2.0.0",
        "primer-marketing-utilities": "2.0.0",
        "primer-support": "5.0.0"
      },
      "dependencies": {
        "primer-support": {
          "version": "5.0.0",
          "resolved": "https://registry.npmjs.org/primer-support/-/primer-support-5.0.0.tgz",
          "integrity": "sha512-inUxVSsGirn5IkPxBhFsMBgm8ZHyfOUmOWyDCN8cBXtbaLiCIAjHsPI46yS1zrWxnn0J2kvq8haomkrlHGF08g=="
        }
      }
    },
    "primer-marketing-buttons": {
      "version": "2.0.0",
      "resolved": "https://registry.npmjs.org/primer-marketing-buttons/-/primer-marketing-buttons-2.0.0.tgz",
      "integrity": "sha512-R8DvbvI6QjH9/xG2diqReqHhkMgKbiJ7+xg2VTlQon3H5sAxvUqBiqfqY+ZrZ9K5eyrLP+3Z/cgysKd/xe1U2A==",
      "requires": {
        "primer-marketing-support": "2.0.0",
        "primer-support": "5.0.0"
      },
      "dependencies": {
        "primer-support": {
          "version": "5.0.0",
          "resolved": "https://registry.npmjs.org/primer-support/-/primer-support-5.0.0.tgz",
          "integrity": "sha512-inUxVSsGirn5IkPxBhFsMBgm8ZHyfOUmOWyDCN8cBXtbaLiCIAjHsPI46yS1zrWxnn0J2kvq8haomkrlHGF08g=="
        }
      }
    },
    "primer-marketing-support": {
      "version": "2.0.0",
      "resolved": "https://registry.npmjs.org/primer-marketing-support/-/primer-marketing-support-2.0.0.tgz",
      "integrity": "sha512-HyYxwDVn9aGVN4wyXiIAzHrAgmoyNlXvZpRXh/UZRlA9EfZMxlCji3KhuMFzQFtYi+nXt7f/cTB5AX9YRnlVZg==",
      "requires": {
        "primer-support": "5.0.0"
      },
      "dependencies": {
        "primer-support": {
          "version": "5.0.0",
          "resolved": "https://registry.npmjs.org/primer-support/-/primer-support-5.0.0.tgz",
          "integrity": "sha512-inUxVSsGirn5IkPxBhFsMBgm8ZHyfOUmOWyDCN8cBXtbaLiCIAjHsPI46yS1zrWxnn0J2kvq8haomkrlHGF08g=="
        }
      }
    },
    "primer-marketing-type": {
      "version": "2.0.0",
      "resolved": "https://registry.npmjs.org/primer-marketing-type/-/primer-marketing-type-2.0.0.tgz",
      "integrity": "sha512-c+bCjKVulTrRhjAHJ7pcaFYDUYiSecVFXMo6DkA9v5JvZ2cK/m4LySo5Eb2qbQmPBwLx6t/V1TnxD2cgKtdIDA==",
      "requires": {
        "primer-marketing-support": "2.0.0",
        "primer-support": "5.0.0"
      },
      "dependencies": {
        "primer-support": {
          "version": "5.0.0",
          "resolved": "https://registry.npmjs.org/primer-support/-/primer-support-5.0.0.tgz",
          "integrity": "sha512-inUxVSsGirn5IkPxBhFsMBgm8ZHyfOUmOWyDCN8cBXtbaLiCIAjHsPI46yS1zrWxnn0J2kvq8haomkrlHGF08g=="
        }
      }
    },
    "primer-marketing-utilities": {
      "version": "2.0.0",
      "resolved": "https://registry.npmjs.org/primer-marketing-utilities/-/primer-marketing-utilities-2.0.0.tgz",
      "integrity": "sha512-R2Y8uaOy44J9NtBNlLJKUrPKxtxv8svss3vP8YS4RRWISUSQGcjxRFPUX5ra8hqaenWO/NBbmeFVJXDwgrKu1A==",
      "requires": {
        "primer-marketing-support": "2.0.0",
        "primer-support": "5.0.0"
      },
      "dependencies": {
        "primer-support": {
          "version": "5.0.0",
          "resolved": "https://registry.npmjs.org/primer-support/-/primer-support-5.0.0.tgz",
          "integrity": "sha512-inUxVSsGirn5IkPxBhFsMBgm8ZHyfOUmOWyDCN8cBXtbaLiCIAjHsPI46yS1zrWxnn0J2kvq8haomkrlHGF08g=="
        }
      }
    },
    "primer-navigation": {
      "version": "1.5.8",
      "resolved": "https://registry.npmjs.org/primer-navigation/-/primer-navigation-1.5.8.tgz",
      "integrity": "sha512-0a7J604yAf4hYgKsDBfgVwDKp7W5xx33Zpu1xCb6BZ3nNCWn5YkpZ2V/wM3LBM2WujCQH55WkXHLRt36+eNySw==",
      "requires": {
        "primer-support": "4.6.1"
      }
    },
    "primer-pagination": {
      "version": "1.0.4",
      "resolved": "https://registry.npmjs.org/primer-pagination/-/primer-pagination-1.0.4.tgz",
      "integrity": "sha512-7RGu5hU/JFLJ7Rv8CvWf9WQ7MrhoQB8RsuKqhCeSj/2xdiEgU/mC4anZeLAe5QSQwxfzfMmGWdTqh7adREuIbw==",
      "requires": {
        "primer-support": "4.6.1"
      }
    },
    "primer-support": {
      "version": "4.6.1",
      "resolved": "https://registry.npmjs.org/primer-support/-/primer-support-4.6.1.tgz",
      "integrity": "sha512-w+oz7junvXugOBW/F6gC7ZP8T4lSpWJmYl3hLr3gih508nLMJRGzbIVjAfziorVYOdAfItuzvQrvwK0q/HFm/Q=="
    },
    "primer-table-object": {
      "version": "1.4.10",
      "resolved": "https://registry.npmjs.org/primer-table-object/-/primer-table-object-1.4.10.tgz",
      "integrity": "sha512-3VrxI3+gBRlb0t295vfI36+nA5SaiiqPzjfJZKV+tOp77ikSq3eaO3yUDl9tdd0Dbw/4AMXlL7xu4pbLAw9MCw==",
      "requires": {
        "primer-support": "4.6.1"
      }
    },
    "primer-tooltips": {
      "version": "1.5.8",
      "resolved": "https://registry.npmjs.org/primer-tooltips/-/primer-tooltips-1.5.8.tgz",
      "integrity": "sha512-nzyxkABBFGhbPw0N+wAZmAa+gPCVjL1eHuakD0QXsUPm3e1cPbStJ3Zy6pPM77HU9dhIsfmGlWC2BQmyOa2+Zg==",
      "requires": {
        "primer-support": "4.6.1"
      }
    },
    "primer-truncate": {
      "version": "1.4.10",
      "resolved": "https://registry.npmjs.org/primer-truncate/-/primer-truncate-1.4.10.tgz",
      "integrity": "sha512-ztLxZjNweV1NJLoj9GQMxWkZDmpvtBZIztToW5iucTym+qXwaLIXjVcqaHCuZDS2w48Yp+iC8w1ihAV8di+alg==",
      "requires": {
        "primer-support": "4.6.1"
      }
    },
    "primer-utilities": {
      "version": "4.13.0",
      "resolved": "https://registry.npmjs.org/primer-utilities/-/primer-utilities-4.13.0.tgz",
      "integrity": "sha512-/y06jBkScVF+Xg+GelOeoS7Ipgue6qujDXtrHzacLbLqtbKGjGN7W75I9nvg/hshai/oRuA1Xco8eee+HIrYbQ==",
      "requires": {
        "primer-support": "4.6.1"
      }
    }
  }
}
